
Microsoft Visual Studio Solution File, Format Version 12.00
# Visual Studio Version 17
VisualStudioVersion = 17.4.33110.190
MinimumVisualStudioVersion = 10.0.40219.1
Project("{FAE04EC0-301F-11D3-BF4B-00C04F79EFBC}") = "MyNetworkMonitor.Core", "MyNetworkMonitor.Core\MyNetworkMonitor.Core.csproj", "{F3122FFB-A3D9-4F4E-AB9B-58BCA94F1762}"
EndProject
Project("{FAE04EC0-301F-11D3-BF4B-00C04F79EFBC}") = "MyNetworkMonitor.Avalonia", "MyNetworkMonitor.Avalonia\MyNetworkMonitor.Avalonia.csproj", "{01F9A54D-2BCB-45CE-A3A1-463378E24363}"
EndProject
Project("{FAE04EC0-301F-11D3-BF4B-00C04F79EFBC}") = "MyNetworkMonitor.Platform.Windows", "MyNetworkMonitor.Platform.Windows\MyNetworkMonitor.Platform.Windows.csproj", "{8EB3E499-3EE8-4015-AFA5-E8E6EE9DD57D}"
EndProject
Global
	GlobalSection(SolutionConfigurationPlatforms) = preSolution
		Debug|Any CPU = Debug|Any CPU
		Debug|x64 = Debug|x64
		Debug|x86 = Debug|x86
		Release|Any CPU = Release|Any CPU
		Release|x64 = Release|x64
		Release|x86 = Release|x86
	EndGlobalSection
	GlobalSection(ProjectConfigurationPlatforms) = postSolution
		{F3122FFB-A3D9-4F4E-AB9B-58BCA94F1762}.Debug|Any CPU.ActiveCfg = Debug|Any CPU
		{F3122FFB-A3D9-4F4E-AB9B-58BCA94F1762}.Debug|Any CPU.Build.0 = Debug|Any CPU
		{F3122FFB-A3D9-4F4E-AB9B-58BCA94F1762}.Debug|x64.ActiveCfg = Debug|Any CPU
		{F3122FFB-A3D9-4F4E-AB9B-58BCA94F1762}.Debug|x64.Build.0 = Debug|Any CPU
		{F3122FFB-A3D9-4F4E-AB9B-58BCA94F1762}.Debug|x86.ActiveCfg = Debug|Any CPU
		{F3122FFB-A3D9-4F4E-AB9B-58BCA94F1762}.Debug|x86.Build.0 = Debug|Any CPU
		{F3122FFB-A3D9-4F4E-AB9B-58BCA94F1762}.Release|Any CPU.ActiveCfg = Release|Any CPU
		{F3122FFB-A3D9-4F4E-AB9B-58BCA94F1762}.Release|Any CPU.Build.0 = Release|Any CPU
		{F3122FFB-A3D9-4F4E-AB9B-58BCA94F1762}.Release|x64.ActiveCfg = Release|Any CPU
		{F3122FFB-A3D9-4F4E-AB9B-58BCA94F1762}.Release|x64.Build.0 = Release|Any CPU
		{F3122FFB-A3D9-4F4E-AB9B-58BCA94F1762}.Release|x86.ActiveCfg = Release|Any CPU
		{F3122FFB-A3D9-4F4E-AB9B-58BCA94F1762}.Release|x86.Build.0 = Release|Any CPU
		{01F9A54D-2BCB-45CE-A3A1-463378E24363}.Debug|Any CPU.ActiveCfg = Debug|Any CPU
		{01F9A54D-2BCB-45CE-A3A1-463378E24363}.Debug|Any CPU.Build.0 = Debug|Any CPU
		{01F9A54D-2BCB-45CE-A3A1-463378E24363}.Debug|x64.ActiveCfg = Debug|Any CPU
		{01F9A54D-2BCB-45CE-A3A1-463378E24363}.Debug|x64.Build.0 = Debug|Any CPU
		{01F9A54D-2BCB-45CE-A3A1-463378E24363}.Debug|x86.ActiveCfg = Debug|Any CPU
		{01F9A54D-2BCB-45CE-A3A1-463378E24363}.Debug|x86.Build.0 = Debug|Any CPU
		{01F9A54D-2BCB-45CE-A3A1-463378E24363}.Release|Any CPU.ActiveCfg = Release|Any CPU
		{01F9A54D-2BCB-45CE-A3A1-463378E24363}.Release|Any CPU.Build.0 = Release|Any CPU
		{01F9A54D-2BCB-45CE-A3A1-463378E24363}.Release|x64.ActiveCfg = Release|Any CPU
		{01F9A54D-2BCB-45CE-A3A1-463378E24363}.Release|x64.Build.0 = Release|Any CPU
		{01F9A54D-2BCB-45CE-A3A1-463378E24363}.Release|x86.ActiveCfg = Release|Any CPU
		{01F9A54D-2BCB-45CE-A3A1-463378E24363}.Release|x86.Build.0 = Release|Any CPU
		{8EB3E499-3EE8-4015-AFA5-E8E6EE9DD57D}.Debug|Any CPU.ActiveCfg = Debug|Any CPU
		{8EB3E499-3EE8-4015-AFA5-E8E6EE9DD57D}.Debug|Any CPU.Build.0 = Debug|Any CPU
		{8EB3E499-3EE8-4015-AFA5-E8E6EE9DD57D}.Debug|x64.ActiveCfg = Debug|Any CPU
		{8EB3E499-3EE8-4015-AFA5-E8E6EE9DD57D}.Debug|x64.Build.0 = Debug|Any CPU
		{8EB3E499-3EE8-4015-AFA5-E8E6EE9DD57D}.Debug|x86.ActiveCfg = Debug|Any CPU
		{8EB3E499-3EE8-4015-AFA5-E8E6EE9DD57D}.Debug|x86.Build.0 = Debug|Any CPU
		{8EB3E499-3EE8-4015-AFA5-E8E6EE9DD57D}.Release|Any CPU.ActiveCfg = Release|Any CPU
		{8EB3E499-3EE8-4015-AFA5-E8E6EE9DD57D}.Release|Any CPU.Build.0 = Release|Any CPU
		{8EB3E499-3EE8-4015-AFA5-E8E6EE9DD57D}.Release|x64.ActiveCfg = Release|Any CPU
		{8EB3E499-3EE8-4015-AFA5-E8E6EE9DD57D}.Release|x64.Build.0 = Release|Any CPU
		{8EB3E499-3EE8-4015-AFA5-E8E6EE9DD57D}.Release|x86.ActiveCfg = Release|Any CPU
		{8EB3E499-3EE8-4015-AFA5-E8E6EE9DD57D}.Release|x86.Build.0 = Release|Any CPU
	EndGlobalSection
	GlobalSection(SolutionProperties) = preSolution
		HideSolutionNode = FALSE
	EndGlobalSection
	GlobalSection(ExtensibilityGlobals) = postSolution
		SolutionGuid = {837B1165-EF91-4EA9-A764-A71B0D1A6EFE}
	EndGlobalSection
EndGlobal
